
Microsoft Visual Studio Solution File, Format Version 12.00
# Visual Studio 14
VisualStudioVersion = 14.0.25420.1
MinimumVisualStudioVersion = 10.0.40219.1
Project("{E24C65DC-7377-472B-9ABA-BC803B73C61A}") = "webapp", "webapp\", "{7C8D578D-B116-422C-B733-8FEA33ED5992}"
	ProjectSection(WebsiteProperties) = preProject
		TargetFrameworkMoniker = ".NETFramework,Version%3Dv4.6.1"
		ProjectReferences = "{7bc249fe-9703-4934-b180-3a028d3964d5}|Model.dll;"
		Debug.AspNetCompiler.VirtualPath = "/localhost_54153"
		Debug.AspNetCompiler.PhysicalPath = "webapp\"
		Debug.AspNetCompiler.TargetPath = "PrecompiledWeb\localhost_54153\"
		Debug.AspNetCompiler.Updateable = "true"
		Debug.AspNetCompiler.ForceOverwrite = "true"
		Debug.AspNetCompiler.FixedNames = "false"
		Debug.AspNetCompiler.Debug = "True"
		Release.AspNetCompiler.VirtualPath = "/localhost_54153"
		Release.AspNetCompiler.PhysicalPath = "webapp\"
		Release.AspNetCompiler.TargetPath = "PrecompiledWeb\localhost_54153\"
		Release.AspNetCompiler.Updateable = "true"
		Release.AspNetCompiler.ForceOverwrite = "true"
		Release.AspNetCompiler.FixedNames = "false"
		Release.AspNetCompiler.Debug = "False"
		VWDPort = "54153"
		SlnRelativePath = "webapp\"
		DefaultWebSiteLanguage = "Visual C#"
	EndProjectSection
EndProject
Project("{FAE04EC0-301F-11D3-BF4B-00C04F79EFBC}") = "Model", "Model\Model.csproj", "{7BC249FE-9703-4934-B180-3A028D3964D5}"
EndProject
Global
	GlobalSection(SolutionConfigurationPlatforms) = preSolution
		Debug|Any CPU = Debug|Any CPU
		Release|Any CPU = Release|Any CPU
	EndGlobalSection
	GlobalSection(ProjectConfigurationPlatforms) = postSolution
		{7C8D578D-B116-422C-B733-8FEA33ED5992}.Debug|Any CPU.ActiveCfg = Debug|Any CPU
		{7C8D578D-B116-422C-B733-8FEA33ED5992}.Debug|Any CPU.Build.0 = Debug|Any CPU
		{7C8D578D-B116-422C-B733-8FEA33ED5992}.Release|Any CPU.ActiveCfg = Debug|Any CPU
		{7C8D578D-B116-422C-B733-8FEA33ED5992}.Release|Any CPU.Build.0 = Debug|Any CPU
		{7BC249FE-9703-4934-B180-3A028D3964D5}.Debug|Any CPU.ActiveCfg = Debug|Any CPU
		{7BC249FE-9703-4934-B180-3A028D3964D5}.Debug|Any CPU.Build.0 = Debug|Any CPU
		{7BC249FE-9703-4934-B180-3A028D3964D5}.Release|Any CPU.ActiveCfg = Release|Any CPU
		{7BC249FE-9703-4934-B180-3A028D3964D5}.Release|Any CPU.Build.0 = Release|Any CPU
	EndGlobalSection
	GlobalSection(SolutionProperties) = preSolution
		HideSolutionNode = FALSE
	EndGlobalSection
	GlobalSection(ExtensibilityGlobals) = postSolution
		SolutionGuid = {D14933F0-9A9E-48B2-9184-CDCE07266465}
	EndGlobalSection
EndGlobal
